
Microsoft Visual Studio Solution File, Format Version 12.00
# Visual Studio Version 16
VisualStudioVersion = 16.0.30225.117
MinimumVisualStudioVersion = 10.0.40219.1
Project("{FAE04EC0-301F-11D3-BF4B-00C04F79EFBC}") = "XamarinAndroidWorkerDemos", "src\XamarinAndroidWorkerDemos\XamarinAndroidWorkerDemos.csproj", "{2B6CFD71-8287-4F88-91A7-6EBC38C55980}"
EndProject
Global
	GlobalSection(SolutionConfigurationPlatforms) = preSolution
		Debug|Any CPU = Debug|Any CPU
		Release|Any CPU = Release|Any CPU
	EndGlobalSection
	GlobalSection(ProjectConfigurationPlatforms) = postSolution
		{2B6CFD71-8287-4F88-91A7-6EBC38C55980}.Debug|Any CPU.ActiveCfg = Debug|Any CPU
		{2B6CFD71-8287-4F88-91A7-6EBC38C55980}.Debug|Any CPU.Build.0 = Debug|Any CPU
		{2B6CFD71-8287-4F88-91A7-6EBC38C55980}.Debug|Any CPU.Deploy.0 = Debug|Any CPU
		{2B6CFD71-8287-4F88-91A7-6EBC38C55980}.Release|Any CPU.ActiveCfg = Release|Any CPU
		{2B6CFD71-8287-4F88-91A7-6EBC38C55980}.Release|Any CPU.Build.0 = Release|Any CPU
		{2B6CFD71-8287-4F88-91A7-6EBC38C55980}.Release|Any CPU.Deploy.0 = Release|Any CPU
	EndGlobalSection
	GlobalSection(SolutionProperties) = preSolution
		HideSolutionNode = FALSE
	EndGlobalSection
	GlobalSection(ExtensibilityGlobals) = postSolution
		SolutionGuid = {BFE32515-5A37-40F9-B2CE-624DBDCBE5BC}
	EndGlobalSection
EndGlobal
